
Microsoft Visual Studio Solution File, Format Version 12.00
# Visual Studio Version 17
VisualStudioVersion = 17.1.32210.238
MinimumVisualStudioVersion = 10.0.40219.1
Project("{9A19103F-16F7-4668-BE54-9A1E7A4F7556}") = "Data", "DataLayer\Data.csproj", "{20E1D000-2D36-446B-9C9A-AD090A0537CA}"
EndProject
Project("{9A19103F-16F7-4668-BE54-9A1E7A4F7556}") = "Logic", "LogicLayer\Logic.csproj", "{9015E278-F224-4980-ADCB-A871770DDBB9}"
EndProject
Project("{9A19103F-16F7-4668-BE54-9A1E7A4F7556}") = "Model", "PresentationLayer\ModelLayer\Model.csproj", "{448D663A-C954-442E-B4DD-3788F20ED9A0}"
EndProject
Project("{9A19103F-16F7-4668-BE54-9A1E7A4F7556}") = "ViewModel", "PresentationLayer\ViewModel\ViewModel.csproj", "{CCA03A47-B8E9-4B53-AFDA-A882E4093658}"
EndProject
Project("{9A19103F-16F7-4668-BE54-9A1E7A4F7556}") = "View", "PresentationLayer\View\View.csproj", "{55377494-D174-450F-B4D4-A97980B854C6}"
EndProject
Project("{9A19103F-16F7-4668-BE54-9A1E7A4F7556}") = "LogicLayerTest", "Tests\LogicLayerTest\LogicLayerTest.csproj", "{A26DC718-79E1-4C1B-A938-CBF8ECCA6220}"
EndProject
Project("{2150E333-8FDC-42A3-9474-1A3956D46DE8}") = "PresentationLayer", "PresentationLayer", "{93FA4B26-CE7F-4A6B-9DDF-84D54A853D6D}"
EndProject
Project("{2150E333-8FDC-42A3-9474-1A3956D46DE8}") = "Tests", "Tests", "{1DD6863E-0D5B-49A3-A22B-95618A491202}"
EndProject
Project("{FAE04EC0-301F-11D3-BF4B-00C04F79EFBC}") = "DataLayerTest", "Tests\DataLayerTest\DataLayerTest.csproj", "{0FE327A7-042F-49B2-A233-E8BA412E26D9}"
EndProject
Global
	GlobalSection(SolutionConfigurationPlatforms) = preSolution
		Debug|Any CPU = Debug|Any CPU
		Release|Any CPU = Release|Any CPU
	EndGlobalSection
	GlobalSection(ProjectConfigurationPlatforms) = postSolution
		{20E1D000-2D36-446B-9C9A-AD090A0537CA}.Debug|Any CPU.ActiveCfg = Debug|Any CPU
		{20E1D000-2D36-446B-9C9A-AD090A0537CA}.Debug|Any CPU.Build.0 = Debug|Any CPU
		{20E1D000-2D36-446B-9C9A-AD090A0537CA}.Release|Any CPU.ActiveCfg = Release|Any CPU
		{20E1D000-2D36-446B-9C9A-AD090A0537CA}.Release|Any CPU.Build.0 = Release|Any CPU
		{9015E278-F224-4980-ADCB-A871770DDBB9}.Debug|Any CPU.ActiveCfg = Debug|Any CPU
		{9015E278-F224-4980-ADCB-A871770DDBB9}.Debug|Any CPU.Build.0 = Debug|Any CPU
		{9015E278-F224-4980-ADCB-A871770DDBB9}.Release|Any CPU.ActiveCfg = Release|Any CPU
		{9015E278-F224-4980-ADCB-A871770DDBB9}.Release|Any CPU.Build.0 = Release|Any CPU
		{448D663A-C954-442E-B4DD-3788F20ED9A0}.Debug|Any CPU.ActiveCfg = Debug|Any CPU
		{448D663A-C954-442E-B4DD-3788F20ED9A0}.Debug|Any CPU.Build.0 = Debug|Any CPU
		{448D663A-C954-442E-B4DD-3788F20ED9A0}.Release|Any CPU.ActiveCfg = Release|Any CPU
		{448D663A-C954-442E-B4DD-3788F20ED9A0}.Release|Any CPU.Build.0 = Release|Any CPU
		{CCA03A47-B8E9-4B53-AFDA-A882E4093658}.Debug|Any CPU.ActiveCfg = Debug|Any CPU
		{CCA03A47-B8E9-4B53-AFDA-A882E4093658}.Debug|Any CPU.Build.0 = Debug|Any CPU
		{CCA03A47-B8E9-4B53-AFDA-A882E4093658}.Release|Any CPU.ActiveCfg = Release|Any CPU
		{CCA03A47-B8E9-4B53-AFDA-A882E4093658}.Release|Any CPU.Build.0 = Release|Any CPU
		{55377494-D174-450F-B4D4-A97980B854C6}.Debug|Any CPU.ActiveCfg = Debug|Any CPU
		{55377494-D174-450F-B4D4-A97980B854C6}.Debug|Any CPU.Build.0 = Debug|Any CPU
		{55377494-D174-450F-B4D4-A97980B854C6}.Release|Any CPU.ActiveCfg = Release|Any CPU
		{55377494-D174-450F-B4D4-A97980B854C6}.Release|Any CPU.Build.0 = Release|Any CPU
		{A26DC718-79E1-4C1B-A938-CBF8ECCA6220}.Debug|Any CPU.ActiveCfg = Debug|Any CPU
		{A26DC718-79E1-4C1B-A938-CBF8ECCA6220}.Debug|Any CPU.Build.0 = Debug|Any CPU
		{A26DC718-79E1-4C1B-A938-CBF8ECCA6220}.Release|Any CPU.ActiveCfg = Release|Any CPU
		{A26DC718-79E1-4C1B-A938-CBF8ECCA6220}.Release|Any CPU.Build.0 = Release|Any CPU
		{0FE327A7-042F-49B2-A233-E8BA412E26D9}.Debug|Any CPU.ActiveCfg = Debug|Any CPU
		{0FE327A7-042F-49B2-A233-E8BA412E26D9}.Debug|Any CPU.Build.0 = Debug|Any CPU
		{0FE327A7-042F-49B2-A233-E8BA412E26D9}.Release|Any CPU.ActiveCfg = Release|Any CPU
		{0FE327A7-042F-49B2-A233-E8BA412E26D9}.Release|Any CPU.Build.0 = Release|Any CPU
	EndGlobalSection
	GlobalSection(SolutionProperties) = preSolution
		HideSolutionNode = FALSE
	EndGlobalSection
	GlobalSection(NestedProjects) = preSolution
		{448D663A-C954-442E-B4DD-3788F20ED9A0} = {93FA4B26-CE7F-4A6B-9DDF-84D54A853D6D}
		{CCA03A47-B8E9-4B53-AFDA-A882E4093658} = {93FA4B26-CE7F-4A6B-9DDF-84D54A853D6D}
		{55377494-D174-450F-B4D4-A97980B854C6} = {93FA4B26-CE7F-4A6B-9DDF-84D54A853D6D}
		{A26DC718-79E1-4C1B-A938-CBF8ECCA6220} = {1DD6863E-0D5B-49A3-A22B-95618A491202}
		{0FE327A7-042F-49B2-A233-E8BA412E26D9} = {1DD6863E-0D5B-49A3-A22B-95618A491202}
	EndGlobalSection
	GlobalSection(ExtensibilityGlobals) = postSolution
		SolutionGuid = {56F383DD-343F-4D05-8FFA-9A8C8E472589}
	EndGlobalSection
EndGlobal
